
Microsoft Visual Studio Solution File, Format Version 12.00
# Visual Studio Version 17
VisualStudioVersion = 17.7.34031.279
MinimumVisualStudioVersion = 10.0.40219.1
Project("{FAE04EC0-301F-11D3-BF4B-00C04F79EFBC}") = "kr1", "kr1.csproj", "{4F73FA36-F28F-4FE6-9325-47B367E18685}"
EndProject
Global
	GlobalSection(SolutionConfigurationPlatforms) = preSolution
		Debug|Any CPU = Debug|Any CPU
		Release|Any CPU = Release|Any CPU
	EndGlobalSection
	GlobalSection(ProjectConfigurationPlatforms) = postSolution
		{4F73FA36-F28F-4FE6-9325-47B367E18685}.Debug|Any CPU.ActiveCfg = Debug|Any CPU
		{4F73FA36-F28F-4FE6-9325-47B367E18685}.Debug|Any CPU.Build.0 = Debug|Any CPU
		{4F73FA36-F28F-4FE6-9325-47B367E18685}.Release|Any CPU.ActiveCfg = Release|Any CPU
		{4F73FA36-F28F-4FE6-9325-47B367E18685}.Release|Any CPU.Build.0 = Release|Any CPU
	EndGlobalSection
	GlobalSection(SolutionProperties) = preSolution
		HideSolutionNode = FALSE
	EndGlobalSection
	GlobalSection(ExtensibilityGlobals) = postSolution
		SolutionGuid = {DDF9640C-1B4F-4E14-8FBD-C73F2D32AC16}
	EndGlobalSection
EndGlobal
